// !$*UTF8*$!
{
	archiveVersion = 1;
	classes = {
	};
	objectVersion = 55;
	objects = {

/* Begin PBXBuildFile section */
		51044E262893C31B00FBD0D6 /* AppDelegate.swift in Sources */ = {isa = PBXBuildFile; fileRef = 51044E252893C31B00FBD0D6 /* AppDelegate.swift */; };
		51044E302893C31B00FBD0D6 /* FuturamaMVPApp.xcdatamodeld in Sources */ = {isa = PBXBuildFile; fileRef = 51044E2E2893C31B00FBD0D6 /* FuturamaMVPApp.xcdatamodeld */; };
		51044E322893C31C00FBD0D6 /* Assets.xcassets in Resources */ = {isa = PBXBuildFile; fileRef = 51044E312893C31C00FBD0D6 /* Assets.xcassets */; };
		51044E422893C55200FBD0D6 /* CharactersViewController.swift in Sources */ = {isa = PBXBuildFile; fileRef = 51044E402893C55200FBD0D6 /* CharactersViewController.swift */; };
		51044E432893C55200FBD0D6 /* CharactersViewController.xib in Resources */ = {isa = PBXBuildFile; fileRef = 51044E412893C55200FBD0D6 /* CharactersViewController.xib */; };
		51044E452893C5C200FBD0D6 /* CharactersPresenterViewController.swift in Sources */ = {isa = PBXBuildFile; fileRef = 51044E442893C5C200FBD0D6 /* CharactersPresenterViewController.swift */; };
		51044E482893D95D00FBD0D6 /* AppAssembly.swift in Sources */ = {isa = PBXBuildFile; fileRef = 51044E472893D95D00FBD0D6 /* AppAssembly.swift */; };
		51044E4A2893DCA100FBD0D6 /* Navigator.swift in Sources */ = {isa = PBXBuildFile; fileRef = 51044E492893DCA100FBD0D6 /* Navigator.swift */; };
		51044E4E2893E7E700FBD0D6 /* CharacterCell.swift in Sources */ = {isa = PBXBuildFile; fileRef = 51044E4C2893E7E700FBD0D6 /* CharacterCell.swift */; };
		51044E4F2893E7E700FBD0D6 /* CharacterCell.xib in Resources */ = {isa = PBXBuildFile; fileRef = 51044E4D2893E7E700FBD0D6 /* CharacterCell.xib */; };
/* End PBXBuildFile section */

/* Begin PBXFileReference section */
		51044E222893C31B00FBD0D6 /* FuturamaMVPApp.app */ = {isa = PBXFileReference; explicitFileType = wrapper.application; includeInIndex = 0; path = FuturamaMVPApp.app; sourceTree = BUILT_PRODUCTS_DIR; };
		51044E252893C31B00FBD0D6 /* AppDelegate.swift */ = {isa = PBXFileReference; lastKnownFileType = sourcecode.swift; path = AppDelegate.swift; sourceTree = "<group>"; };
		51044E2F2893C31B00FBD0D6 /* FuturamaMVPApp.xcdatamodel */ = {isa = PBXFileReference; lastKnownFileType = wrapper.xcdatamodel; path = FuturamaMVPApp.xcdatamodel; sourceTree = "<group>"; };
		51044E312893C31C00FBD0D6 /* Assets.xcassets */ = {isa = PBXFileReference; lastKnownFileType = folder.assetcatalog; path = Assets.xcassets; sourceTree = "<group>"; };
		51044E362893C31C00FBD0D6 /* Info.plist */ = {isa = PBXFileReference; lastKnownFileType = text.plist.xml; path = Info.plist; sourceTree = "<group>"; };
		51044E402893C55200FBD0D6 /* CharactersViewController.swift */ = {isa = PBXFileReference; lastKnownFileType = sourcecode.swift; path = CharactersViewController.swift; sourceTree = "<group>"; };
		51044E412893C55200FBD0D6 /* CharactersViewController.xib */ = {isa = PBXFileReference; lastKnownFileType = file.xib; path = CharactersViewController.xib; sourceTree = "<group>"; };
		51044E442893C5C200FBD0D6 /* CharactersPresenterViewController.swift */ = {isa = PBXFileReference; lastKnownFileType = sourcecode.swift; path = CharactersPresenterViewController.swift; sourceTree = "<group>"; };
		51044E472893D95D00FBD0D6 /* AppAssembly.swift */ = {isa = PBXFileReference; lastKnownFileType = sourcecode.swift; path = AppAssembly.swift; sourceTree = "<group>"; };
		51044E492893DCA100FBD0D6 /* Navigator.swift */ = {isa = PBXFileReference; lastKnownFileType = sourcecode.swift; path = Navigator.swift; sourceTree = "<group>"; };
		51044E4C2893E7E700FBD0D6 /* CharacterCell.swift */ = {isa = PBXFileReference; lastKnownFileType = sourcecode.swift; path = CharacterCell.swift; sourceTree = "<group>"; };
		51044E4D2893E7E700FBD0D6 /* CharacterCell.xib */ = {isa = PBXFileReference; lastKnownFileType = file.xib; path = CharacterCell.xib; sourceTree = "<group>"; };
/* End PBXFileReference section */

/* Begin PBXFrameworksBuildPhase section */
		51044E1F2893C31B00FBD0D6 /* Frameworks */ = {
			isa = PBXFrameworksBuildPhase;
			buildActionMask = 2147483647;
			files = (
			);
			runOnlyForDeploymentPostprocessing = 0;
		};
/* End PBXFrameworksBuildPhase section */

/* Begin PBXGroup section */
		51044E192893C31B00FBD0D6 = {
			isa = PBXGroup;
			children = (
				51044E242893C31B00FBD0D6 /* FuturamaMVPApp */,
				51044E232893C31B00FBD0D6 /* Products */,
			);
			sourceTree = "<group>";
		};
		51044E232893C31B00FBD0D6 /* Products */ = {
			isa = PBXGroup;
			children = (
				51044E222893C31B00FBD0D6 /* FuturamaMVPApp.app */,
			);
			name = Products;
			sourceTree = "<group>";
		};
		51044E242893C31B00FBD0D6 /* FuturamaMVPApp */ = {
			isa = PBXGroup;
			children = (
				51044E462893D94100FBD0D6 /* Navigation */,
				51044E3E2893C4BE00FBD0D6 /* Screens */,
				51044E3C2893C42C00FBD0D6 /* SystemFiles */,
				51044E3D2893C49100FBD0D6 /* Media */,
				51044E2E2893C31B00FBD0D6 /* FuturamaMVPApp.xcdatamodeld */,
			);
			path = FuturamaMVPApp;
			sourceTree = "<group>";
		};
		51044E3C2893C42C00FBD0D6 /* SystemFiles */ = {
			isa = PBXGroup;
			children = (
				51044E252893C31B00FBD0D6 /* AppDelegate.swift */,
				51044E362893C31C00FBD0D6 /* Info.plist */,
			);
			path = SystemFiles;
			sourceTree = "<group>";
		};
		51044E3D2893C49100FBD0D6 /* Media */ = {
			isa = PBXGroup;
			children = (
				51044E312893C31C00FBD0D6 /* Assets.xcassets */,
			);
			path = Media;
			sourceTree = "<group>";
		};
		51044E3E2893C4BE00FBD0D6 /* Screens */ = {
			isa = PBXGroup;
			children = (
				51044E3F2893C4F500FBD0D6 /* CharactersVC */,
			);
			path = Screens;
			sourceTree = "<group>";
		};
		51044E3F2893C4F500FBD0D6 /* CharactersVC */ = {
			isa = PBXGroup;
			children = (
				51044E4B2893E7B100FBD0D6 /* Cell */,
				51044E402893C55200FBD0D6 /* CharactersViewController.swift */,
				51044E412893C55200FBD0D6 /* CharactersViewController.xib */,
				51044E442893C5C200FBD0D6 /* CharactersPresenterViewController.swift */,
			);
			path = CharactersVC;
			sourceTree = "<group>";
		};
		51044E462893D94100FBD0D6 /* Navigation */ = {
			isa = PBXGroup;
			children = (
				51044E492893DCA100FBD0D6 /* Navigator.swift */,
				51044E472893D95D00FBD0D6 /* AppAssembly.swift */,
			);
			path = Navigation;
			sourceTree = "<group>";
		};
		51044E4B2893E7B100FBD0D6 /* Cell */ = {
			isa = PBXGroup;
			children = (
				51044E4C2893E7E700FBD0D6 /* CharacterCell.swift */,
				51044E4D2893E7E700FBD0D6 /* CharacterCell.xib */,
			);
			path = Cell;
			sourceTree = "<group>";
		};
/* End PBXGroup section */

/* Begin PBXNativeTarget section */
		51044E212893C31B00FBD0D6 /* FuturamaMVPApp */ = {
			isa = PBXNativeTarget;
			buildConfigurationList = 51044E392893C31C00FBD0D6 /* Build configuration list for PBXNativeTarget "FuturamaMVPApp" */;
			buildPhases = (
				51044E1E2893C31B00FBD0D6 /* Sources */,
				51044E1F2893C31B00FBD0D6 /* Frameworks */,
				51044E202893C31B00FBD0D6 /* Resources */,
			);
			buildRules = (
			);
			dependencies = (
			);
			name = FuturamaMVPApp;
			productName = FuturamaMVPApp;
			productReference = 51044E222893C31B00FBD0D6 /* FuturamaMVPApp.app */;
			productType = "com.apple.product-type.application";
		};
/* End PBXNativeTarget section */

/* Begin PBXProject section */
		51044E1A2893C31B00FBD0D6 /* Project object */ = {
			isa = PBXProject;
			attributes = {
				BuildIndependentTargetsInParallel = 1;
				LastSwiftUpdateCheck = 1340;
				LastUpgradeCheck = 1340;
				TargetAttributes = {
					51044E212893C31B00FBD0D6 = {
						CreatedOnToolsVersion = 13.4.1;
					};
				};
			};
			buildConfigurationList = 51044E1D2893C31B00FBD0D6 /* Build configuration list for PBXProject "FuturamaMVPApp" */;
			compatibilityVersion = "Xcode 13.0";
			developmentRegion = en;
			hasScannedForEncodings = 0;
			knownRegions = (
				en,
				Base,
			);
			mainGroup = 51044E192893C31B00FBD0D6;
			productRefGroup = 51044E232893C31B00FBD0D6 /* Products */;
			projectDirPath = "";
			projectRoot = "";
			targets = (
				51044E212893C31B00FBD0D6 /* FuturamaMVPApp */,
			);
		};
/* End PBXProject section */

/* Begin PBXResourcesBuildPhase section */
		51044E202893C31B00FBD0D6 /* Resources */ = {
			isa = PBXResourcesBuildPhase;
			buildActionMask = 2147483647;
			files = (
				51044E432893C55200FBD0D6 /* CharactersViewController.xib in Resources */,
				51044E4F2893E7E700FBD0D6 /* CharacterCell.xib in Resources */,
				51044E322893C31C00FBD0D6 /* Assets.xcassets in Resources */,
			);
			runOnlyForDeploymentPostprocessing = 0;
		};
/* End PBXResourcesBuildPhase section */

/* Begin PBXSourcesBuildPhase section */
		51044E1E2893C31B00FBD0D6 /* Sources */ = {
			isa = PBXSourcesBuildPhase;
			buildActionMask = 2147483647;
			files = (
				51044E302893C31B00FBD0D6 /* FuturamaMVPApp.xcdatamodeld in Sources */,
				51044E452893C5C200FBD0D6 /* CharactersPresenterViewController.swift in Sources */,
				51044E482893D95D00FBD0D6 /* AppAssembly.swift in Sources */,
				51044E4E2893E7E700FBD0D6 /* CharacterCell.swift in Sources */,
				51044E262893C31B00FBD0D6 /* AppDelegate.swift in Sources */,
				51044E422893C55200FBD0D6 /* CharactersViewController.swift in Sources */,
				51044E4A2893DCA100FBD0D6 /* Navigator.swift in Sources */,
			);
			runOnlyForDeploymentPostprocessing = 0;
		};
/* End PBXSourcesBuildPhase section */

/* Begin XCBuildConfiguration section */
		51044E372893C31C00FBD0D6 /* Debug */ = {
			isa = XCBuildConfiguration;
			buildSettings = {
				ALWAYS_SEARCH_USER_PATHS = NO;
				CLANG_ANALYZER_NONNULL = YES;
				CLANG_ANALYZER_NUMBER_OBJECT_CONVERSION = YES_AGGRESSIVE;
				CLANG_CXX_LANGUAGE_STANDARD = "gnu++17";
				CLANG_ENABLE_MODULES = YES;
				CLANG_ENABLE_OBJC_ARC = YES;
				CLANG_ENABLE_OBJC_WEAK = YES;
				CLANG_WARN_BLOCK_CAPTURE_AUTORELEASING = YES;
				CLANG_WARN_BOOL_CONVERSION = YES;
				CLANG_WARN_COMMA = YES;
				CLANG_WARN_CONSTANT_CONVERSION = YES;
				CLANG_WARN_DEPRECATED_OBJC_IMPLEMENTATIONS = YES;
				CLANG_WARN_DIRECT_OBJC_ISA_USAGE = YES_ERROR;
				CLANG_WARN_DOCUMENTATION_COMMENTS = YES;
				CLANG_WARN_EMPTY_BODY = YES;
				CLANG_WARN_ENUM_CONVERSION = YES;
				CLANG_WARN_INFINITE_RECURSION = YES;
				CLANG_WARN_INT_CONVERSION = YES;
				CLANG_WARN_NON_LITERAL_NULL_CONVERSION = YES;
				CLANG_WARN_OBJC_IMPLICIT_RETAIN_SELF = YES;
				CLANG_WARN_OBJC_LITERAL_CONVERSION = YES;
				CLANG_WARN_OBJC_ROOT_CLASS = YES_ERROR;
				CLANG_WARN_QUOTED_INCLUDE_IN_FRAMEWORK_HEADER = YES;
				CLANG_WARN_RANGE_LOOP_ANALYSIS = YES;
				CLANG_WARN_STRICT_PROTOTYPES = YES;
				CLANG_WARN_SUSPICIOUS_MOVE = YES;
				CLANG_WARN_UNGUARDED_AVAILABILITY = YES_AGGRESSIVE;
				CLANG_WARN_UNREACHABLE_CODE = YES;
				CLANG_WARN__DUPLICATE_METHOD_MATCH = YES;
				COPY_PHASE_STRIP = NO;
				DEBUG_INFORMATION_FORMAT = dwarf;
				ENABLE_STRICT_OBJC_MSGSEND = YES;
				ENABLE_TESTABILITY = YES;
				GCC_C_LANGUAGE_STANDARD = gnu11;
				GCC_DYNAMIC_NO_PIC = NO;
				GCC_NO_COMMON_BLOCKS = YES;
				GCC_OPTIMIZATION_LEVEL = 0;
				GCC_PREPROCESSOR_DEFINITIONS = (
					"DEBUG=1",
					"$(inherited)",
				);
				GCC_WARN_64_TO_32_BIT_CONVERSION = YES;
				GCC_WARN_ABOUT_RETURN_TYPE = YES_ERROR;
				GCC_WARN_UNDECLARED_SELECTOR = YES;
				GCC_WARN_UNINITIALIZED_AUTOS = YES_AGGRESSIVE;
				GCC_WARN_UNUSED_FUNCTION = YES;
				GCC_WARN_UNUSED_VARIABLE = YES;
				IPHONEOS_DEPLOYMENT_TARGET = 15.5;
				MTL_ENABLE_DEBUG_INFO = INCLUDE_SOURCE;
				MTL_FAST_MATH = YES;
				ONLY_ACTIVE_ARCH = YES;
				SDKROOT = iphoneos;
				SWIFT_ACTIVE_COMPILATION_CONDITIONS = DEBUG;
				SWIFT_OPTIMIZATION_LEVEL = "-Onone";
			};
			name = Debug;
		};
		51044E382893C31C00FBD0D6 /* Release */ = {
			isa = XCBuildConfiguration;
			buildSettings = {
				ALWAYS_SEARCH_USER_PATHS = NO;
				CLANG_ANALYZER_NONNULL = YES;
				CLANG_ANALYZER_NUMBER_OBJECT_CONVERSION = YES_AGGRESSIVE;
				CLANG_CXX_LANGUAGE_STANDARD = "gnu++17";
				CLANG_ENABLE_MODULES = YES;
				CLANG_ENABLE_OBJC_ARC = YES;
				CLANG_ENABLE_OBJC_WEAK = YES;
				CLANG_WARN_BLOCK_CAPTURE_AUTORELEASING = YES;
				CLANG_WARN_BOOL_CONVERSION = YES;
				CLANG_WARN_COMMA = YES;
				CLANG_WARN_CONSTANT_CONVERSION = YES;
				CLANG_WARN_DEPRECATED_OBJC_IMPLEMENTATIONS = YES;
				CLANG_WARN_DIRECT_OBJC_ISA_USAGE = YES_ERROR;
				CLANG_WARN_DOCUMENTATION_COMMENTS = YES;
				CLANG_WARN_EMPTY_BODY = YES;
				CLANG_WARN_ENUM_CONVERSION = YES;
				CLANG_WARN_INFINITE_RECURSION = YES;
				CLANG_WARN_INT_CONVERSION = YES;
				CLANG_WARN_NON_LITERAL_NULL_CONVERSION = YES;
				CLANG_WARN_OBJC_IMPLICIT_RETAIN_SELF = YES;
				CLANG_WARN_OBJC_LITERAL_CONVERSION = YES;
				CLANG_WARN_OBJC_ROOT_CLASS = YES_ERROR;
				CLANG_WARN_QUOTED_INCLUDE_IN_FRAMEWORK_HEADER = YES;
				CLANG_WARN_RANGE_LOOP_ANALYSIS = YES;
				CLANG_WARN_STRICT_PROTOTYPES = YES;
				CLANG_WARN_SUSPICIOUS_MOVE = YES;
				CLANG_WARN_UNGUARDED_AVAILABILITY = YES_AGGRESSIVE;
				CLANG_WARN_UNREACHABLE_CODE = YES;
				CLANG_WARN__DUPLICATE_METHOD_MATCH = YES;
				COPY_PHASE_STRIP = NO;
				DEBUG_INFORMATION_FORMAT = "dwarf-with-dsym";
				ENABLE_NS_ASSERTIONS = NO;
				ENABLE_STRICT_OBJC_MSGSEND = YES;
				GCC_C_LANGUAGE_STANDARD = gnu11;
				GCC_NO_COMMON_BLOCKS = YES;
				GCC_WARN_64_TO_32_BIT_CONVERSION = YES;
				GCC_WARN_ABOUT_RETURN_TYPE = YES_ERROR;
				GCC_WARN_UNDECLARED_SELECTOR = YES;
				GCC_WARN_UNINITIALIZED_AUTOS = YES_AGGRESSIVE;
				GCC_WARN_UNUSED_FUNCTION = YES;
				GCC_WARN_UNUSED_VARIABLE = YES;
				IPHONEOS_DEPLOYMENT_TARGET = 15.5;
				MTL_ENABLE_DEBUG_INFO = NO;
				MTL_FAST_MATH = YES;
				SDKROOT = iphoneos;
				SWIFT_COMPILATION_MODE = wholemodule;
				SWIFT_OPTIMIZATION_LEVEL = "-O";
				VALIDATE_PRODUCT = YES;
			};
			name = Release;
		};
		51044E3A2893C31C00FBD0D6 /* Debug */ = {
			isa = XCBuildConfiguration;
			buildSettings = {
				ASSETCATALOG_COMPILER_APPICON_NAME = AppIcon;
				ASSETCATALOG_COMPILER_GLOBAL_ACCENT_COLOR_NAME = AccentColor;
				CODE_SIGN_STYLE = Automatic;
				CURRENT_PROJECT_VERSION = 1;
				DEVELOPMENT_TEAM = JHYJ3JUAMV;
				GENERATE_INFOPLIST_FILE = YES;
				INFOPLIST_FILE = FuturamaMVPApp/SystemFiles/Info.plist;
				INFOPLIST_KEY_UIApplicationSupportsIndirectInputEvents = YES;
				INFOPLIST_KEY_UILaunchStoryboardName = LaunchScreen;
				INFOPLIST_KEY_UISupportedInterfaceOrientations_iPad = "UIInterfaceOrientationPortrait UIInterfaceOrientationPortraitUpsideDown UIInterfaceOrientationLandscapeLeft UIInterfaceOrientationLandscapeRight";
				INFOPLIST_KEY_UISupportedInterfaceOrientations_iPhone = "UIInterfaceOrientationPortrait UIInterfaceOrientationLandscapeLeft UIInterfaceOrientationLandscapeRight";
				IPHONEOS_DEPLOYMENT_TARGET = 13.5;
				LD_RUNPATH_SEARCH_PATHS = (
					"$(inherited)",
					"@executable_path/Frameworks",
				);
				MARKETING_VERSION = 1.0;
				PRODUCT_BUNDLE_IDENTIFIER = Hloba.FuturamaMVPApp;
				PRODUCT_NAME = "$(TARGET_NAME)";
				SWIFT_EMIT_LOC_STRINGS = YES;
				SWIFT_VERSION = 5.0;
				TARGETED_DEVICE_FAMILY = 1;
			};
			name = Debug;
		};
		51044E3B2893C31C00FBD0D6 /* Release */ = {
			isa = XCBuildConfiguration;
			buildSettings = {
				ASSETCATALOG_COMPILER_APPICON_NAME = AppIcon;
				ASSETCATALOG_COMPILER_GLOBAL_ACCENT_COLOR_NAME = AccentColor;
				CODE_SIGN_STYLE = Automatic;
				CURRENT_PROJECT_VERSION = 1;
				DEVELOPMENT_TEAM = JHYJ3JUAMV;
				GENERATE_INFOPLIST_FILE = YES;
				INFOPLIST_FILE = FuturamaMVPApp/SystemFiles/Info.plist;
				INFOPLIST_KEY_UIApplicationSupportsIndirectInputEvents = YES;
				INFOPLIST_KEY_UILaunchStoryboardName = LaunchScreen;
				INFOPLIST_KEY_UISupportedInterfaceOrientations_iPad = "UIInterfaceOrientationPortrait UIInterfaceOrientationPortraitUpsideDown UIInterfaceOrientationLandscapeLeft UIInterfaceOrientationLandscapeRight";
				INFOPLIST_KEY_UISupportedInterfaceOrientations_iPhone = "UIInterfaceOrientationPortrait UIInterfaceOrientationLandscapeLeft UIInterfaceOrientationLandscapeRight";
				IPHONEOS_DEPLOYMENT_TARGET = 13.5;
				LD_RUNPATH_SEARCH_PATHS = (
					"$(inherited)",
					"@executable_path/Frameworks",
				);
				MARKETING_VERSION = 1.0;
				PRODUCT_BUNDLE_IDENTIFIER = Hloba.FuturamaMVPApp;
				PRODUCT_NAME = "$(TARGET_NAME)";
				SWIFT_EMIT_LOC_STRINGS = YES;
				SWIFT_VERSION = 5.0;
				TARGETED_DEVICE_FAMILY = 1;
			};
			name = Release;
		};
/* End XCBuildConfiguration section */

/* Begin XCConfigurationList section */
		51044E1D2893C31B00FBD0D6 /* Build configuration list for PBXProject "FuturamaMVPApp" */ = {
			isa = XCConfigurationList;
			buildConfigurations = (
				51044E372893C31C00FBD0D6 /* Debug */,
				51044E382893C31C00FBD0D6 /* Release */,
			);
			defaultConfigurationIsVisible = 0;
			defaultConfigurationName = Release;
		};
		51044E392893C31C00FBD0D6 /* Build configuration list for PBXNativeTarget "FuturamaMVPApp" */ = {
			isa = XCConfigurationList;
			buildConfigurations = (
				51044E3A2893C31C00FBD0D6 /* Debug */,
				51044E3B2893C31C00FBD0D6 /* Release */,
			);
			defaultConfigurationIsVisible = 0;
			defaultConfigurationName = Release;
		};
/* End XCConfigurationList section */

/* Begin XCVersionGroup section */
		51044E2E2893C31B00FBD0D6 /* FuturamaMVPApp.xcdatamodeld */ = {
			isa = XCVersionGroup;
			children = (
				51044E2F2893C31B00FBD0D6 /* FuturamaMVPApp.xcdatamodel */,
			);
			currentVersion = 51044E2F2893C31B00FBD0D6 /* FuturamaMVPApp.xcdatamodel */;
			path = FuturamaMVPApp.xcdatamodeld;
			sourceTree = "<group>";
			versionGroupType = wrapper.xcdatamodel;
		};
/* End XCVersionGroup section */
	};
	rootObject = 51044E1A2893C31B00FBD0D6 /* Project object */;
}
